
Microsoft Visual Studio Solution File, Format Version 12.00
# Visual Studio Version 17
VisualStudioVersion = 17.3.32929.385
MinimumVisualStudioVersion = 10.0.40219.1
Project("{FAE04EC0-301F-11D3-BF4B-00C04F79EFBC}") = "Flyweight", "Pyłek\Flyweight.csproj", "{34322C40-4D9A-48CF-A5BD-9072E73A46A0}"
EndProject
Global
	GlobalSection(SolutionConfigurationPlatforms) = preSolution
		Debug|Any CPU = Debug|Any CPU
		Release|Any CPU = Release|Any CPU
	EndGlobalSection
	GlobalSection(ProjectConfigurationPlatforms) = postSolution
		{34322C40-4D9A-48CF-A5BD-9072E73A46A0}.Debug|Any CPU.ActiveCfg = Debug|Any CPU
		{34322C40-4D9A-48CF-A5BD-9072E73A46A0}.Debug|Any CPU.Build.0 = Debug|Any CPU
		{34322C40-4D9A-48CF-A5BD-9072E73A46A0}.Release|Any CPU.ActiveCfg = Release|Any CPU
		{34322C40-4D9A-48CF-A5BD-9072E73A46A0}.Release|Any CPU.Build.0 = Release|Any CPU
	EndGlobalSection
	GlobalSection(SolutionProperties) = preSolution
		HideSolutionNode = FALSE
	EndGlobalSection
	GlobalSection(ExtensibilityGlobals) = postSolution
		SolutionGuid = {7178CAF8-A317-4E88-90DA-D5305736B52D}
	EndGlobalSection
EndGlobal
