
Microsoft Visual Studio Solution File, Format Version 12.00
# Visual Studio Version 17
VisualStudioVersion = 17.3.32929.385
MinimumVisualStudioVersion = 10.0.40219.1
Project("{FAE04EC0-301F-11D3-BF4B-00C04F79EFBC}") = "Kompozyt", "Kompozyt\Kompozyt.csproj", "{EE047959-BC5F-4995-A6A8-3DD221829EC5}"
EndProject
Global
	GlobalSection(SolutionConfigurationPlatforms) = preSolution
		Debug|Any CPU = Debug|Any CPU
		Release|Any CPU = Release|Any CPU
	EndGlobalSection
	GlobalSection(ProjectConfigurationPlatforms) = postSolution
		{EE047959-BC5F-4995-A6A8-3DD221829EC5}.Debug|Any CPU.ActiveCfg = Debug|Any CPU
		{EE047959-BC5F-4995-A6A8-3DD221829EC5}.Debug|Any CPU.Build.0 = Debug|Any CPU
		{EE047959-BC5F-4995-A6A8-3DD221829EC5}.Release|Any CPU.ActiveCfg = Release|Any CPU
		{EE047959-BC5F-4995-A6A8-3DD221829EC5}.Release|Any CPU.Build.0 = Release|Any CPU
	EndGlobalSection
	GlobalSection(SolutionProperties) = preSolution
		HideSolutionNode = FALSE
	EndGlobalSection
	GlobalSection(ExtensibilityGlobals) = postSolution
		SolutionGuid = {C360002B-EAB9-4973-A15C-DC7DBE6845FE}
	EndGlobalSection
EndGlobal
