
Microsoft Visual Studio Solution File, Format Version 12.00
# Visual Studio Version 17
VisualStudioVersion = 17.3.32929.385
MinimumVisualStudioVersion = 10.0.40219.1
Project("{FAE04EC0-301F-11D3-BF4B-00C04F79EFBC}") = "Adapter", "Adapter\Adapter.csproj", "{C1F35FF4-5AAE-4943-9AD2-A3EE4AF4F010}"
EndProject
Global
	GlobalSection(SolutionConfigurationPlatforms) = preSolution
		Debug|Any CPU = Debug|Any CPU
		Release|Any CPU = Release|Any CPU
	EndGlobalSection
	GlobalSection(ProjectConfigurationPlatforms) = postSolution
		{C1F35FF4-5AAE-4943-9AD2-A3EE4AF4F010}.Debug|Any CPU.ActiveCfg = Debug|Any CPU
		{C1F35FF4-5AAE-4943-9AD2-A3EE4AF4F010}.Debug|Any CPU.Build.0 = Debug|Any CPU
		{C1F35FF4-5AAE-4943-9AD2-A3EE4AF4F010}.Release|Any CPU.ActiveCfg = Release|Any CPU
		{C1F35FF4-5AAE-4943-9AD2-A3EE4AF4F010}.Release|Any CPU.Build.0 = Release|Any CPU
	EndGlobalSection
	GlobalSection(SolutionProperties) = preSolution
		HideSolutionNode = FALSE
	EndGlobalSection
	GlobalSection(ExtensibilityGlobals) = postSolution
		SolutionGuid = {12C62A92-45EA-4676-A8DC-EF287D331B4E}
	EndGlobalSection
EndGlobal
